# THIS IS AN AUTOGENERATED FILE. DO NOT EDIT THIS FILE DIRECTLY.
# yarn lockfile v1


normalizr@^3.6.2:
  version "3.6.2"
  resolved "https://registry.npmmirror.com/normalizr/-/normalizr-3.6.2.tgz#ac1571207dc3008adb46e3f62311c17f11dcf083"
  integrity sha512-30qCybsBaCBciotorvuOZTCGEg2AXrJfADMT2Kk/lvpIAcipHdK0zc33nNtwKzyfQAqIJXAcqET6YgflYUgsoQ==
